version = 1
revision = 5
requires-python = ">=3.14"

[[package]]
name = "kurigram"
version = "2.2.26"
source = { registry = "https://pypi.org/simple" }
dependencies = [
    { name = "pyaes" },
    { name = "python-socks" },
]
sdist = { url = "https://files.pythonhosted.org/packages/c1/48/65efaaaaf24dc62d6f6ef046843952ff17b5358f9c7119303ceee6d53657/kurigram-2.2.26.tar.gz", hash = "sha256:83b64fd7ab37122d920b1e7c0e221b599d7c52dd5d0d24c79956f01273020c49", size = 748176, upload-time = "2026-09-12T17:45:08.406Z" }
wheels = [
    { url = "https://files.pythonhosted.org/packages/2b/e0/a00020c21725550c9309e6e03787acf7236de2f284c8d9bc57644ae2160a/kurigram-2.2.26-py3-none-any.whl", hash = "sha256:f53cee6119a579b74620f45b5f83d543cd3bd510a8a6a1b4b3852e21603241e9", size = 6044442, upload-time = "2026-09-12T17:45:06.456Z" },
]

[[package]]
name = "kurigram-utils"
version = "0.1.0"
source = { editable = "." }
dependencies = [
    { name = "kurigram" },
    { name = "uvloop", marker = "sys_platform != 'win32'" },
    { name = "winloop", marker = "sys_platform == 'win32'" },
]

[package.metadata]
requires-dist = [
    { name = "kurigram", specifier = ">=2.2.26" },
    { name = "uvloop", marker = "sys_platform != 'win32'", specifier = ">=0.23.0" },
    { name = "winloop", marker = "sys_platform == 'win32'", specifier = ">=0.7.1" },
]

[[package]]
name = "pyaes"
version = "1.6.1"
source = { registry = "https://pypi.org/simple" }
sdist = { url = "https://files.pythonhosted.org/packages/44/66/2c17bae31c906613795711fc78045c285048168919ace2220daa372c7d72/pyaes-1.6.1.tar.gz", hash = "sha256:02c1b1405c38d3c370b085fb952dd8bea3fadcee6411ad99f312cc129c536d8f", size = 28536, upload-time = "2017-09-20T21:17:54.23Z" }

[[package]]
name = "python-socks"
version = "3.1.1"
source = { registry = "https://pypi.org/simple" }
sdist = { url = "https://files.pythonhosted.org/packages/04/ad/484ffb79532517b11a90af38647c38652224650b31a7ae1cedd5a418d8ab/python_socks-3.1.1.tar.gz", hash = "sha256:8d3e817cdbe858dc0bb8c8fdc8e79b6ce37acce110d33374c6f57a675cc9029e", size = 232781, upload-time = "2026-09-08T13:03:31.058Z" }
wheels = [
    { url = "https://files.pythonhosted.org/packages/3b/23/2c2cef1b4313c55d1713201acd4ee2043fb2cf22e546ca9d36bf4317faea/python_socks-3.1.1-py3-none-any.whl", hash = "sha256:327e0d6378702c73a7790bf732e9f01392f17b48c7348a50b5bd1f710c2df1be", size = 49566, upload-time = "2026-09-08T13:03:29.604Z" },
]

[[package]]
name = "uvloop"
version = "0.23.0"
source = { registry = "https://pypi.org/simple" }
sdist = { url = "https://files.pythonhosted.org/packages/fa/42/02c739ce85fb2ee8d99212c61417da8140c6b87e9d97c430bea520d76044/uvloop-0.23.0.tar.gz", hash = "sha256:28d160f51ab4da3b187063652e643dea6831072add4adc1e6d62afbe73b6be27", size = 2559185, upload-time = "2026-10-01T03:17:04.4Z" }
wheels = [
    { url = "https://files.pythonhosted.org/packages/4e/a4/00e85345871c59c834a23c136c1771205856028ecc8ba940b3951178e59b/uvloop-0.23.0-cp314-cp314-macosx_10_15_universal2.whl", hash = "sha256:b90397a50ad6332ed3e459c648ac20d182cce24a557354363ad85fc9ea4a17cd", size = 1421363, upload-time = "2026-10-01T03:16:02.599Z" },
    { url = "https://files.pythonhosted.org/packages/d0/a9/e5f0f3cfde30af3ec32eba8ec07bccdba2b5116afbd1ecc53edfeb0a0790/uvloop-0.23.0-cp314-cp314-macosx_10_15_x86_64.whl", hash = "sha256:be53e1d5f83de43dc175c87612ecc128d444b38e5c56cb3f807f5a73d6887476", size = 785177, upload-time = "2026-10-01T03:16:04.018Z" },
    { url = "https://files.pythonhosted.org/packages/9e/79/9ddf78f8cd75a15c14a09a57f59c587b8cd9d82802c5c8368b9c3ebefa0b/uvloop-0.23.0-cp314-cp314-manylinux2014_aarch64.manylinux_2_17_aarch64.manylinux_2_28_aarch64.whl", hash = "sha256:6b3cbc4f96ddfa1fb88a78a69dd851369825b7816d9702eee8c4461505ba172e", size = 4381060, upload-time = "2026-10-01T03:16:05.642Z" },
    { url = "https://files.pythonhosted.org/packages/1e/20/57d63c44d32326878fcad5c63854afc9deb394ed95673c1b1a429178c79d/uvloop-0.23.0-cp314-cp314-manylinux2014_x86_64.manylinux_2_17_x86_64.manylinux_2_28_x86_64.whl", hash = "sha256:31e0cf90bc8fd88784f6802cdba968a51fb1aec1cc3feec74d862b2d371d1330", size = 4418891, upload-time = "2026-10-01T03:16:07.326Z" },
    { url = "https://files.pythonhosted.org/packages/12/c5/0795abecda2cc3dfe41033f880a32a9ff103be4e6b177ac736833c153a0e/uvloop-0.23.0-cp314-cp314-musllinux_1_2_aarch64.whl", hash = "sha256:fa8ed556fcc87a4091cf61587ef172fa104323dc89ecc085a618ba7ff8629a8f", size = 4214811, upload-time = "2026-10-01T03:16:09.13Z" },
    { url = "https://files.pythonhosted.org/packages/20/18/9010dacd5221eec1bd79a4a83ac68f3db6a42d7bb657f7b640c4838ca6b6/uvloop-0.23.0-cp314-cp314-musllinux_1_2_x86_64.whl", hash = "sha256:f3fbfe82829d8e381426a289b87e59e585278728361db9ce975b88b51f64f410", size = 4294876, upload-time = "2026-10-01T03:16:10.875Z" },
    { url = "https://files.pythonhosted.org/packages/b1/08/f6384a03c771d00067cba4f542a69b2fc1a982e9fd78b357c2f788678d72/uvloop-0.23.0-cp314-cp314t-macosx_10_15_universal2.whl", hash = "sha256:7e35c9bc977760981693e1a7a51493b58ee5a501f9ebb1e547565ee40b6c6208", size = 1494811, upload-time = "2026-10-01T03:16:12.399Z" },
    { url = "https://files.pythonhosted.org/packages/ac/01/756a4fb24a449f313cf4a153eb0c6210b49cfe5539255ec9fb1e17d2c4ef/uvloop-0.23.0-cp314-cp314t-macosx_10_15_x86_64.whl", hash = "sha256:5bb9be71d9ee39b4359b832f9569518ec9bc08704194034e79e4958e6bc4d46d", size = 819396, upload-time = "2026-10-01T03:16:14.094Z" },
    { url = "https://files.pythonhosted.org/packages/3e/45/e314b0c600b14f53dad3a3c2d7a922a249a88225fd727652b53e1854b9dd/uvloop-0.23.0-cp314-cp314t-manylinux2014_aarch64.manylinux_2_17_aarch64.manylinux_2_28_aarch64.whl", hash = "sha256:1e84575f11873c109cf3962ad0bdf679094466184125f4cadcc41a73febff41f", size = 4734966, upload-time = "2026-10-01T03:16:15.815Z" },
    { url = "https://files.pythonhosted.org/packages/66/0d/8686a7f0b1b2d55ebd770ba21f8e0e4ffa0cde5ab738f43ffb8264499052/uvloop-0.23.0-cp314-cp314t-manylinux2014_x86_64.manylinux_2_17_x86_64.manylinux_2_28_x86_64.whl", hash = "sha256:bbbdb8fcd5e7062e546eec1ac78c28bb21ae7df54c18f8e4b06e15a18d661a49", size = 4584963, upload-time = "2026-10-01T03:16:18.198Z" },
    { url = "https://files.pythonhosted.org/packages/78/b2/034a2d47e435ac02357c42956246887167bdc0357bdd6ad31c5f6d94497b/uvloop-0.23.0-cp314-cp314t-musllinux_1_2_aarch64.whl", hash = "sha256:76345f51367fb1f23e08605c6efb18374f669be5b223658fbab6b17627950507", size = 4421388, upload-time = "2026-10-01T03:16:19.953Z" },
    { url = "https://files.pythonhosted.org/packages/f0/77/131f4b583e6b4b715c404a66b51c812d701db20f25c9018b188a2b00062c/uvloop-0.23.0-cp314-cp314t-musllinux_1_2_x86_64.whl", hash = "sha256:6c7ef4701a96553514b2688e342ef1bf2beae6cfd172d89a76c768292aabf405", size = 4402414, upload-time = "2026-10-01T03:16:21.716Z" },
    { url = "https://files.pythonhosted.org/packages/58/3d/ee11f4718ea1280595c67ed25c83d4c92115dc100bbdfd192d3ed9339168/uvloop-0.23.0-cp315-cp315-macosx_10_15_universal2.whl", hash = "sha256:f1341c6abcee1c31277cfe28d34e46196f2143ec3d755e6efe7452126e1f626d", size = 1418095, upload-time = "2026-10-01T03:16:23.241Z" },
    { url = "https://files.pythonhosted.org/packages/f8/0c/7ca516a0671418517d79a09d3ff2ccbb44af94c75711afa6e4cf58aa6f65/uvloop-0.23.0-cp315-cp315-macosx_10_15_x86_64.whl", hash = "sha256:e095f9e105af76593b4c183bb0bcbdae64bd913a59ec595732dc108b48730ab5", size = 784837, upload-time = "2026-10-01T03:16:24.666Z" },
    { url = "https://files.pythonhosted.org/packages/35/95/75d4e28e596d505b7ae11de517646b4ca3d369fb8537ba755410380da11a/uvloop-0.23.0-cp315-cp315-manylinux2014_aarch64.manylinux_2_17_aarch64.manylinux_2_28_aarch64.whl", hash = "sha256:f673d835bdb1a60229cc3609a113fd2c9ce3f4a3c75ad4eaed111180c00199d2", size = 4380276, upload-time = "2026-10-01T03:16:26.389Z" },
    { url = "https://files.pythonhosted.org/packages/10/99/68daf827ad62efaf4667d1f3fda127046d42161178396bdd93aab3684082/uvloop-0.23.0-cp315-cp315-manylinux2014_x86_64.manylinux_2_17_x86_64.manylinux_2_28_x86_64.whl", hash = "sha256:c3f23f403a273900d57de6ee5ca0614c650f7f58563065dad1a4744498960e53", size = 4451496, upload-time = "2026-10-01T03:16:28.364Z" },
    { url = "https://files.pythonhosted.org/packages/71/69/f67e696ee688f426a96f99099bae26fec14a1d0fa75dccdd6518ee267c0c/uvloop-0.23.0-cp315-cp315-musllinux_1_2_aarch64.whl", hash = "sha256:cbe8d03d4efcccdb7fcedecbaa1e1fa02913eaf3a74cb933634a6bc6d2ea9e2a", size = 4212541, upload-time = "2026-10-01T03:16:30.014Z" },
    { url = "https://files.pythonhosted.org/packages/f1/6a/c8c436a9d7453297b4be70bdf6a9f9fc9400da45e0059ddf7b28ab63f4c7/uvloop-0.23.0-cp315-cp315-musllinux_1_2_x86_64.whl", hash = "sha256:4f1798f56c6f4ba5ac11fa2869e5717926e4470d97a1dd42b4f59219d43b5027", size = 4319377, upload-time = "2026-10-01T03:16:31.705Z" },
    { url = "https://files.pythonhosted.org/packages/3b/2c/8fc15a03489299aab8a6212dfe0f137dc39836f915c87f7fd9d9ddd814de/uvloop-0.23.0-cp315-cp315t-macosx_10_15_universal2.whl", hash = "sha256:098a85e1393ef5202767b7e5fb41a32cd8bd81e6ee4af364c179801c4aa3f6d4", size = 1493428, upload-time = "2026-10-01T03:16:33.859Z" },
    { url = "https://files.pythonhosted.org/packages/b7/7c/05e4a210790229607f71460fcb2ed4a2c7bc72668d8a928ce577c22e38f8/uvloop-0.23.0-cp315-cp315t-macosx_10_15_x86_64.whl", hash = "sha256:5a2bbad3a63007f7e9524d4903ba04fee252557c2acd86f9a3d4f91786695254", size = 818115, upload-time = "2026-10-01T03:16:35.45Z" },
    { url = "https://files.pythonhosted.org/packages/65/14/a40b11c6c024213803b13955664a15754c72f64c873a33d986b26ec9ff5b/uvloop-0.23.0-cp315-cp315t-manylinux2014_aarch64.manylinux_2_17_aarch64.manylinux_2_28_aarch64.whl", hash = "sha256:4a08875543bbd4519faf30497506c9cda8a48470467ffdf967c7313c7a5981a8", size = 4734149, upload-time = "2026-10-01T03:16:37.025Z" },
    { url = "https://files.pythonhosted.org/packages/9f/83/f421a077712c1e87603bfec62744c3cd3a2f4b47378025db3d740df9af0d/uvloop-0.23.0-cp315-cp315t-manylinux2014_x86_64.manylinux_2_17_x86_64.manylinux_2_28_x86_64.whl", hash = "sha256:12634f15e6625f78b3f2922f91404c4d7173487eba11746764153f556e9852dc", size = 4661763, upload-time = "2026-10-01T03:16:38.719Z" },
    { url = "https://files.pythonhosted.org/packages/f5/62/25dcaa6b7e7b48f82ce633854ce96597ab768f9650931f4f86c572de392c/uvloop-0.23.0-cp315-cp315t-musllinux_1_2_aarch64.whl", hash = "sha256:378188efbb1524f2219d05246a3e1e5907217848d2882144dff59585f1b81d55", size = 4421324, upload-time = "2026-10-01T03:16:40.488Z" },
    { url = "https://files.pythonhosted.org/packages/05/46/04628239b43dcef703af314202a3307d6060918e2d76aa86c5b1188f5551/uvloop-0.23.0-cp315-cp315t-musllinux_1_2_x86_64.whl", hash = "sha256:4b8e207c67d207a8608fec57e116511030af3495dc0109b8c333cf9cb412b16f", size = 4462501, upload-time = "2026-10-01T03:16:42.359Z" },
]

[[package]]
name = "winloop"
version = "0.7.1"
source = { registry = "https://pypi.org/simple" }
sdist = { url = "https://files.pythonhosted.org/packages/2a/66/0a8c65d4bb4504945aba3cc399588e06e1ea9a503cb6fd70f4b68c1f3b4d/winloop-0.7.1.tar.gz", hash = "sha256:2ea92f36493477427ca3c7f4cb84a45f47f5feb3559dfe4b660d8e8068171a47", size = 2706597, upload-time = "2026-10-05T16:58:58.134Z" }
wheels = [
    { url = "https://files.pythonhosted.org/packages/89/71/435fe9292708ae750057d10717026c71ff8f3f98b73fd7a2e4ccb5d3fa2d/winloop-0.7.1-cp314-cp314-win_amd64.whl", hash = "sha256:86a78413b3ae9c6d6c5f9cc0a16a0ab7c48040df7952321f095b8b9b72ec653d", size = 703598, upload-time = "2026-10-05T16:58:50.578Z" },
    { url = "https://files.pythonhosted.org/packages/d3/11/e5dea8140388a27ac6c57787bbf1f758bfadff410fc2cb797db0a51a188b/winloop-0.7.1-cp314-cp314-win_arm64.whl", hash = "sha256:db04854c148a1ead62cbf63394d320dbb4c14fe7d33738012deb3ad5ecf41eef", size = 612769, upload-time = "2026-10-05T16:58:52.24Z" },
    { url = "https://files.pythonhosted.org/packages/ba/b0/c3ec01a05d100bc47734815ee39020d5ee3678731125a02c2b46922b4e4e/winloop-0.7.1-cp314-cp314t-win_amd64.whl", hash = "sha256:d1d3cf643c6f652aa3be42168df90d086508853fc40c58b3d1b3397577ffa667", size = 760188, upload-time = "2026-10-05T16:58:53.587Z" },
    { url = "https://files.pythonhosted.org/packages/04/52/715f8ec02883145aa17f8a47f6bf878acc28db194ffcb3e99eb7bd270ff9/winloop-0.7.1-cp314-cp314t-win_arm64.whl", hash = "sha256:2c6c1306da9b998e167930f9b0f7f8e3e6c9c75f6a666277a53ad9fa3afa694c", size = 660528, upload-time = "2026-10-05T16:58:54.671Z" },
]
